
Microsoft Visual Studio Solution File, Format Version 12.00
# Visual Studio 2015
Project("{FAE04EC0-301F-11D3-BF4B-00C04F79EFBC}") = "AlternalienNewBuild.CSharp", "AlternalienNewBuild.CSharp.csproj", "{A11E0374-D203-5BF7-224A-C844B51B8DC5}"
EndProject
Project("{FAE04EC0-301F-11D3-BF4B-00C04F79EFBC}") = "AlternalienNewBuild.CSharp.Editor", "AlternalienNewBuild.CSharp.Editor.csproj", "{B8468FE9-DF56-2A1C-2E0D-286157D0ED21}"
EndProject
Global
	GlobalSection(SolutionConfigurationPlatforms) = preSolution
		Debug|Any CPU = Debug|Any CPU
		Release|Any CPU = Release|Any CPU
	EndGlobalSection
	GlobalSection(ProjectConfigurationPlatforms) = postSolution
		{A11E0374-D203-5BF7-224A-C844B51B8DC5}.Debug|Any CPU.ActiveCfg = Debug|Any CPU
		{A11E0374-D203-5BF7-224A-C844B51B8DC5}.Debug|Any CPU.Build.0 = Debug|Any CPU
		{A11E0374-D203-5BF7-224A-C844B51B8DC5}.Release|Any CPU.ActiveCfg = Release|Any CPU
		{A11E0374-D203-5BF7-224A-C844B51B8DC5}.Release|Any CPU.Build.0 = Release|Any CPU
		{B8468FE9-DF56-2A1C-2E0D-286157D0ED21}.Debug|Any CPU.ActiveCfg = Debug|Any CPU
		{B8468FE9-DF56-2A1C-2E0D-286157D0ED21}.Debug|Any CPU.Build.0 = Debug|Any CPU
		{B8468FE9-DF56-2A1C-2E0D-286157D0ED21}.Release|Any CPU.ActiveCfg = Release|Any CPU
		{B8468FE9-DF56-2A1C-2E0D-286157D0ED21}.Release|Any CPU.Build.0 = Release|Any CPU
	EndGlobalSection
	GlobalSection(SolutionProperties) = preSolution
		HideSolutionNode = FALSE
	EndGlobalSection
EndGlobal
